
Microsoft Visual Studio Solution File, Format Version 12.00
# Visual Studio Version 16
VisualStudioVersion = 16.0.31410.357
MinimumVisualStudioVersion = 10.0.40219.1
Project("{FAE04EC0-301F-11D3-BF4B-00C04F79EFBC}") = "WinFormsApp1", "WinFormsApp1\WinFormsApp1.csproj", "{DA2D34C9-3DDF-4448-BC1A-CBD0236694F2}"
EndProject
Global
	GlobalSection(SolutionConfigurationPlatforms) = preSolution
		Debug|Any CPU = Debug|Any CPU
		Release|Any CPU = Release|Any CPU
	EndGlobalSection
	GlobalSection(ProjectConfigurationPlatforms) = postSolution
		{DA2D34C9-3DDF-4448-BC1A-CBD0236694F2}.Debug|Any CPU.ActiveCfg = Debug|Any CPU
		{DA2D34C9-3DDF-4448-BC1A-CBD0236694F2}.Debug|Any CPU.Build.0 = Debug|Any CPU
		{DA2D34C9-3DDF-4448-BC1A-CBD0236694F2}.Release|Any CPU.ActiveCfg = Release|Any CPU
		{DA2D34C9-3DDF-4448-BC1A-CBD0236694F2}.Release|Any CPU.Build.0 = Release|Any CPU
	EndGlobalSection
	GlobalSection(SolutionProperties) = preSolution
		HideSolutionNode = FALSE
	EndGlobalSection
	GlobalSection(ExtensibilityGlobals) = postSolution
		SolutionGuid = {8D320690-FE5E-4102-8F41-BFF843C862D8}
	EndGlobalSection
EndGlobal
