
Microsoft Visual Studio Solution File, Format Version 12.00
# Visual Studio Version 16
VisualStudioVersion = 16.0.31424.327
MinimumVisualStudioVersion = 10.0.40219.1
Project("{FAE04EC0-301F-11D3-BF4B-00C04F79EFBC}") = "DB-First", "DB-First\DB-First.csproj", "{99D8F4E5-A6D8-4C0F-9D6D-B0E6A3941728}"
EndProject
Global
	GlobalSection(SolutionConfigurationPlatforms) = preSolution
		Debug|Any CPU = Debug|Any CPU
		Release|Any CPU = Release|Any CPU
	EndGlobalSection
	GlobalSection(ProjectConfigurationPlatforms) = postSolution
		{99D8F4E5-A6D8-4C0F-9D6D-B0E6A3941728}.Debug|Any CPU.ActiveCfg = Debug|Any CPU
		{99D8F4E5-A6D8-4C0F-9D6D-B0E6A3941728}.Debug|Any CPU.Build.0 = Debug|Any CPU
		{99D8F4E5-A6D8-4C0F-9D6D-B0E6A3941728}.Release|Any CPU.ActiveCfg = Release|Any CPU
		{99D8F4E5-A6D8-4C0F-9D6D-B0E6A3941728}.Release|Any CPU.Build.0 = Release|Any CPU
	EndGlobalSection
	GlobalSection(SolutionProperties) = preSolution
		HideSolutionNode = FALSE
	EndGlobalSection
	GlobalSection(ExtensibilityGlobals) = postSolution
		SolutionGuid = {C7B7C456-047E-41E1-B585-8E9A97E38331}
	EndGlobalSection
EndGlobal
